
Microsoft Visual Studio Solution File, Format Version 12.00
# Visual Studio Version 17
VisualStudioVersion = 17.9.34607.119
MinimumVisualStudioVersion = 10.0.40219.1
Project("{FAE04EC0-301F-11D3-BF4B-00C04F79EFBC}") = "RestaurantMenu", "RestaurantMenu.csproj", "{504386F1-21AE-4710-AC57-A59F4A4202E5}"
EndProject
Global
	GlobalSection(SolutionConfigurationPlatforms) = preSolution
		Debug|Any CPU = Debug|Any CPU
		Release|Any CPU = Release|Any CPU
	EndGlobalSection
	GlobalSection(ProjectConfigurationPlatforms) = postSolution
		{504386F1-21AE-4710-AC57-A59F4A4202E5}.Debug|Any CPU.ActiveCfg = Debug|Any CPU
		{504386F1-21AE-4710-AC57-A59F4A4202E5}.Debug|Any CPU.Build.0 = Debug|Any CPU
		{504386F1-21AE-4710-AC57-A59F4A4202E5}.Release|Any CPU.ActiveCfg = Release|Any CPU
		{504386F1-21AE-4710-AC57-A59F4A4202E5}.Release|Any CPU.Build.0 = Release|Any CPU
	EndGlobalSection
	GlobalSection(SolutionProperties) = preSolution
		HideSolutionNode = FALSE
	EndGlobalSection
	GlobalSection(ExtensibilityGlobals) = postSolution
		SolutionGuid = {9F5E6E89-AAF9-466F-A51F-7410B869ECEC}
	EndGlobalSection
EndGlobal
